PODS:
  - Alamofire (4.7.0)
  - AlamofireImage (3.3.0):
    - Alamofire (~> 4.5)
  - PKHUD (5.0.0)

DEPENDENCIES:
  - AlamofireImage (~> 3.3)
  - PKHUD (~> 5.0)

SPEC CHECKSUMS:
  Alamofire: 907e0a98eb68cdb7f9d1f541a563d6ac5dc77b25
  AlamofireImage: 2e784dc5d00f04903a52c1d169181469c805c3df
  PKHUD: 3c001512c6e002091184197a8de7a20420786e3b

PODFILE CHECKSUM: 524f77302835e007f922b6e0a99de13399c9a8e8

COCOAPODS: 1.4.0
